// !$*UTF8*$!
{
	archiveVersion = 1;
	classes = {
	};
	objectVersion = 56;
	objects = {

/* Begin PBXBuildFile section */
		B71FA9AC29A91F6B00028FC9 /* AppDelegate.swift in Sources */ = {isa = PBXBuildFile; fileRef = B71FA9AB29A91F6B00028FC9 /* AppDelegate.swift */; };
		B71FA9AE29A91F6B00028FC9 /* SceneDelegate.swift in Sources */ = {isa = PBXBuildFile; fileRef = B71FA9AD29A91F6B00028FC9 /* SceneDelegate.swift */; };
		B71FA9B029A91F6B00028FC9 /* MainViewController.swift in Sources */ = {isa = PBXBuildFile; fileRef = B71FA9AF29A91F6B00028FC9 /* MainViewController.swift */; };
		B71FA9B329A91F6B00028FC9 /* Main.storyboard in Resources */ = {isa = PBXBuildFile; fileRef = B71FA9B129A91F6B00028FC9 /* Main.storyboard */; };
		B71FA9B529A91F6D00028FC9 /* Assets.xcassets in Resources */ = {isa = PBXBuildFile; fileRef = B71FA9B429A91F6D00028FC9 /* Assets.xcassets */; };
		B71FA9B829A91F6D00028FC9 /* LaunchScreen.storyboard in Resources */ = {isa = PBXBuildFile; fileRef = B71FA9B629A91F6D00028FC9 /* LaunchScreen.storyboard */; };
		B76D16C029AD754B00C9DB0F /* OneViewController.swift in Sources */ = {isa = PBXBuildFile; fileRef = B76D16BF29AD754B00C9DB0F /* OneViewController.swift */; };
		B76D16C229AD781E00C9DB0F /* TwoViewController.swift in Sources */ = {isa = PBXBuildFile; fileRef = B76D16C129AD781E00C9DB0F /* TwoViewController.swift */; };
		B76D16C429AD783700C9DB0F /* ThreeViewController.swift in Sources */ = {isa = PBXBuildFile; fileRef = B76D16C329AD783700C9DB0F /* ThreeViewController.swift */; };
/* End PBXBuildFile section */

/* Begin PBXFileReference section */
		B71FA9A829A91F6B00028FC9 /* IAmChatGPT.app */ = {isa = PBXFileReference; explicitFileType = wrapper.application; includeInIndex = 0; path = IAmChatGPT.app; sourceTree = BUILT_PRODUCTS_DIR; };
		B71FA9AB29A91F6B00028FC9 /* AppDelegate.swift */ = {isa = PBXFileReference; lastKnownFileType = sourcecode.swift; path = AppDelegate.swift; sourceTree = "<group>"; };
		B71FA9AD29A91F6B00028FC9 /* SceneDelegate.swift */ = {isa = PBXFileReference; lastKnownFileType = sourcecode.swift; path = SceneDelegate.swift; sourceTree = "<group>"; };
		B71FA9AF29A91F6B00028FC9 /* MainViewController.swift */ = {isa = PBXFileReference; lastKnownFileType = sourcecode.swift; path = MainViewController.swift; sourceTree = "<group>"; };
		B71FA9B229A91F6B00028FC9 /* Base */ = {isa = PBXFileReference; lastKnownFileType = file.storyboard; name = Base; path = Base.lproj/Main.storyboard; sourceTree = "<group>"; };
		B71FA9B429A91F6D00028FC9 /* Assets.xcassets */ = {isa = PBXFileReference; lastKnownFileType = folder.assetcatalog; path = Assets.xcassets; sourceTree = "<group>"; };
		B71FA9B729A91F6D00028FC9 /* Base */ = {isa = PBXFileReference; lastKnownFileType = file.storyboard; name = Base; path = Base.lproj/LaunchScreen.storyboard; sourceTree = "<group>"; };
		B71FA9B929A91F6D00028FC9 /* Info.plist */ = {isa = PBXFileReference; lastKnownFileType = text.plist.xml; path = Info.plist; sourceTree = "<group>"; };
		B76D16BF29AD754B00C9DB0F /* OneViewController.swift */ = {isa = PBXFileReference; lastKnownFileType = sourcecode.swift; path = OneViewController.swift; sourceTree = SOURCE_ROOT; };
		B76D16C129AD781E00C9DB0F /* TwoViewController.swift */ = {isa = PBXFileReference; lastKnownFileType = sourcecode.swift; path = TwoViewController.swift; sourceTree = "<group>"; };
		B76D16C329AD783700C9DB0F /* ThreeViewController.swift */ = {isa = PBXFileReference; lastKnownFileType = sourcecode.swift; path = ThreeViewController.swift; sourceTree = "<group>"; };
/* End PBXFileReference section */

/* Begin PBXFrameworksBuildPhase section */
		B71FA9A529A91F6B00028FC9 /* Frameworks */ = {
			isa = PBXFrameworksBuildPhase;
			buildActionMask = 2147483647;
			files = (
			);
			runOnlyForDeploymentPostprocessing = 0;
		};
/* End PBXFrameworksBuildPhase section */

/* Begin PBXGroup section */
		B71FA99F29A91F6B00028FC9 = {
			isa = PBXGroup;
			children = (
				B71FA9AA29A91F6B00028FC9 /* IAmChatGPT */,
				B71FA9A929A91F6B00028FC9 /* Products */,
			);
			sourceTree = "<group>";
		};
		B71FA9A929A91F6B00028FC9 /* Products */ = {
			isa = PBXGroup;
			children = (
				B71FA9A829A91F6B00028FC9 /* IAmChatGPT.app */,
			);
			name = Products;
			sourceTree = "<group>";
		};
		B71FA9AA29A91F6B00028FC9 /* IAmChatGPT */ = {
			isa = PBXGroup;
			children = (
				B71FA9AB29A91F6B00028FC9 /* AppDelegate.swift */,
				B71FA9AD29A91F6B00028FC9 /* SceneDelegate.swift */,
				B71FA9AF29A91F6B00028FC9 /* MainViewController.swift */,
				B76D16BF29AD754B00C9DB0F /* OneViewController.swift */,
				B76D16C129AD781E00C9DB0F /* TwoViewController.swift */,
				B76D16C329AD783700C9DB0F /* ThreeViewController.swift */,
				B71FA9B129A91F6B00028FC9 /* Main.storyboard */,
				B71FA9B429A91F6D00028FC9 /* Assets.xcassets */,
				B71FA9B629A91F6D00028FC9 /* LaunchScreen.storyboard */,
				B71FA9B929A91F6D00028FC9 /* Info.plist */,
			);
			path = IAmChatGPT;
			sourceTree = "<group>";
		};
/* End PBXGroup section */

/* Begin PBXNativeTarget section */
		B71FA9A729A91F6B00028FC9 /* IAmChatGPT */ = {
			isa = PBXNativeTarget;
			buildConfigurationList = B71FA9BC29A91F6D00028FC9 /* Build configuration list for PBXNativeTarget "IAmChatGPT" */;
			buildPhases = (
				B71FA9A429A91F6B00028FC9 /* Sources */,
				B71FA9A529A91F6B00028FC9 /* Frameworks */,
				B71FA9A629A91F6B00028FC9 /* Resources */,
			);
			buildRules = (
			);
			dependencies = (
			);
			name = IAmChatGPT;
			productName = IAmChatGPT;
			productReference = B71FA9A829A91F6B00028FC9 /* IAmChatGPT.app */;
			productType = "com.apple.product-type.application";
		};
/* End PBXNativeTarget section */

/* Begin PBXProject section */
		B71FA9A029A91F6B00028FC9 /* Project object */ = {
			isa = PBXProject;
			attributes = {
				BuildIndependentTargetsInParallel = 1;
				LastSwiftUpdateCheck = 1420;
				LastUpgradeCheck = 1420;
				TargetAttributes = {
					B71FA9A729A91F6B00028FC9 = {
						CreatedOnToolsVersion = 14.2;
					};
				};
			};
			buildConfigurationList = B71FA9A329A91F6B00028FC9 /* Build configuration list for PBXProject "IAmChatGPT" */;
			compatibilityVersion = "Xcode 14.0";
			developmentRegion = en;
			hasScannedForEncodings = 0;
			knownRegions = (
				en,
				Base,
			);
			mainGroup = B71FA99F29A91F6B00028FC9;
			productRefGroup = B71FA9A929A91F6B00028FC9 /* Products */;
			projectDirPath = "";
			projectRoot = "";
			targets = (
				B71FA9A729A91F6B00028FC9 /* IAmChatGPT */,
			);
		};
/* End PBXProject section */

/* Begin PBXResourcesBuildPhase section */
		B71FA9A629A91F6B00028FC9 /* Resources */ = {
			isa = PBXResourcesBuildPhase;
			buildActionMask = 2147483647;
			files = (
				B71FA9B829A91F6D00028FC9 /* LaunchScreen.storyboard in Resources */,
				B71FA9B529A91F6D00028FC9 /* Assets.xcassets in Resources */,
				B71FA9B329A91F6B00028FC9 /* Main.storyboard in Resources */,
			);
			runOnlyForDeploymentPostprocessing = 0;
		};
/* End PBXResourcesBuildPhase section */

/* Begin PBXSourcesBuildPhase section */
		B71FA9A429A91F6B00028FC9 /* Sources */ = {
			isa = PBXSourcesBuildPhase;
			buildActionMask = 2147483647;
			files = (
				B76D16C229AD781E00C9DB0F /* TwoViewController.swift in Sources */,
				B71FA9B029A91F6B00028FC9 /* MainViewController.swift in Sources */,
				B71FA9AC29A91F6B00028FC9 /* AppDelegate.swift in Sources */,
				B76D16C429AD783700C9DB0F /* ThreeViewController.swift in Sources */,
				B71FA9AE29A91F6B00028FC9 /* SceneDelegate.swift in Sources */,
				B76D16C029AD754B00C9DB0F /* OneViewController.swift in Sources */,
			);
			runOnlyForDeploymentPostprocessing = 0;
		};
/* End PBXSourcesBuildPhase section */

/* Begin PBXVariantGroup section */
		B71FA9B129A91F6B00028FC9 /* Main.storyboard */ = {
			isa = PBXVariantGroup;
			children = (
				B71FA9B229A91F6B00028FC9 /* Base */,
			);
			name = Main.storyboard;
			sourceTree = "<group>";
		};
		B71FA9B629A91F6D00028FC9 /* LaunchScreen.storyboard */ = {
			isa = PBXVariantGroup;
			children = (
				B71FA9B729A91F6D00028FC9 /* Base */,
			);
			name = LaunchScreen.storyboard;
			sourceTree = "<group>";
		};
/* End PBXVariantGroup section */

/* Begin XCBuildConfiguration section */
		B71FA9BA29A91F6D00028FC9 /* Debug */ = {
			isa = XCBuildConfiguration;
			buildSettings = {
				ALWAYS_SEARCH_USER_PATHS = NO;
				CLANG_ANALYZER_NONNULL = YES;
				CLANG_ANALYZER_NUMBER_OBJECT_CONVERSION = YES_AGGRESSIVE;
				CLANG_CXX_LANGUAGE_STANDARD = "gnu++20";
				CLANG_ENABLE_MODULES = YES;
				CLANG_ENABLE_OBJC_ARC = YES;
				CLANG_ENABLE_OBJC_WEAK = YES;
				CLANG_WARN_BLOCK_CAPTURE_AUTORELEASING = YES;
				CLANG_WARN_BOOL_CONVERSION = YES;
				CLANG_WARN_COMMA = YES;
				CLANG_WARN_CONSTANT_CONVERSION = YES;
				CLANG_WARN_DEPRECATED_OBJC_IMPLEMENTATIONS = YES;
				CLANG_WARN_DIRECT_OBJC_ISA_USAGE = YES_ERROR;
				CLANG_WARN_DOCUMENTATION_COMMENTS = YES;
				CLANG_WARN_EMPTY_BODY = YES;
				CLANG_WARN_ENUM_CONVERSION = YES;
				CLANG_WARN_INFINITE_RECURSION = YES;
				CLANG_WARN_INT_CONVERSION = YES;
				CLANG_WARN_NON_LITERAL_NULL_CONVERSION = YES;
				CLANG_WARN_OBJC_IMPLICIT_RETAIN_SELF = YES;
				CLANG_WARN_OBJC_LITERAL_CONVERSION = YES;
				CLANG_WARN_OBJC_ROOT_CLASS = YES_ERROR;
				CLANG_WARN_QUOTED_INCLUDE_IN_FRAMEWORK_HEADER = YES;
				CLANG_WARN_RANGE_LOOP_ANALYSIS = YES;
				CLANG_WARN_STRICT_PROTOTYPES = YES;
				CLANG_WARN_SUSPICIOUS_MOVE = YES;
				CLANG_WARN_UNGUARDED_AVAILABILITY = YES_AGGRESSIVE;
				CLANG_WARN_UNREACHABLE_CODE = YES;
				CLANG_WARN__DUPLICATE_METHOD_MATCH = YES;
				COPY_PHASE_STRIP = NO;
				DEBUG_INFORMATION_FORMAT = dwarf;
				ENABLE_STRICT_OBJC_MSGSEND = YES;
				ENABLE_TESTABILITY = YES;
				GCC_C_LANGUAGE_STANDARD = gnu11;
				GCC_DYNAMIC_NO_PIC = NO;
				GCC_NO_COMMON_BLOCKS = YES;
				GCC_OPTIMIZATION_LEVEL = 0;
				GCC_PREPROCESSOR_DEFINITIONS = (
					"DEBUG=1",
					"$(inherited)",
				);
				GCC_WARN_64_TO_32_BIT_CONVERSION = YES;
				GCC_WARN_ABOUT_RETURN_TYPE = YES_ERROR;
				GCC_WARN_UNDECLARED_SELECTOR = YES;
				GCC_WARN_UNINITIALIZED_AUTOS = YES_AGGRESSIVE;
				GCC_WARN_UNUSED_FUNCTION = YES;
				GCC_WARN_UNUSED_VARIABLE = YES;
				IPHONEOS_DEPLOYMENT_TARGET = 16.2;
				MTL_ENABLE_DEBUG_INFO = INCLUDE_SOURCE;
				MTL_FAST_MATH = YES;
				ONLY_ACTIVE_ARCH = YES;
				SDKROOT = iphoneos;
				SWIFT_ACTIVE_COMPILATION_CONDITIONS = DEBUG;
				SWIFT_OPTIMIZATION_LEVEL = "-Onone";
			};
			name = Debug;
		};
		B71FA9BB29A91F6D00028FC9 /* Release */ = {
			isa = XCBuildConfiguration;
			buildSettings = {
				ALWAYS_SEARCH_USER_PATHS = NO;
				CLANG_ANALYZER_NONNULL = YES;
				CLANG_ANALYZER_NUMBER_OBJECT_CONVERSION = YES_AGGRESSIVE;
				CLANG_CXX_LANGUAGE_STANDARD = "gnu++20";
				CLANG_ENABLE_MODULES = YES;
				CLANG_ENABLE_OBJC_ARC = YES;
				CLANG_ENABLE_OBJC_WEAK = YES;
				CLANG_WARN_BLOCK_CAPTURE_AUTORELEASING = YES;
				CLANG_WARN_BOOL_CONVERSION = YES;
				CLANG_WARN_COMMA = YES;
				CLANG_WARN_CONSTANT_CONVERSION = YES;
				CLANG_WARN_DEPRECATED_OBJC_IMPLEMENTATIONS = YES;
				CLANG_WARN_DIRECT_OBJC_ISA_USAGE = YES_ERROR;
				CLANG_WARN_DOCUMENTATION_COMMENTS = YES;
				CLANG_WARN_EMPTY_BODY = YES;
				CLANG_WARN_ENUM_CONVERSION = YES;
				CLANG_WARN_INFINITE_RECURSION = YES;
				CLANG_WARN_INT_CONVERSION = YES;
				CLANG_WARN_NON_LITERAL_NULL_CONVERSION = YES;
				CLANG_WARN_OBJC_IMPLICIT_RETAIN_SELF = YES;
				CLANG_WARN_OBJC_LITERAL_CONVERSION = YES;
				CLANG_WARN_OBJC_ROOT_CLASS = YES_ERROR;
				CLANG_WARN_QUOTED_INCLUDE_IN_FRAMEWORK_HEADER = YES;
				CLANG_WARN_RANGE_LOOP_ANALYSIS = YES;
				CLANG_WARN_STRICT_PROTOTYPES = YES;
				CLANG_WARN_SUSPICIOUS_MOVE = YES;
				CLANG_WARN_UNGUARDED_AVAILABILITY = YES_AGGRESSIVE;
				CLANG_WARN_UNREACHABLE_CODE = YES;
				CLANG_WARN__DUPLICATE_METHOD_MATCH = YES;
				COPY_PHASE_STRIP = NO;
				DEBUG_INFORMATION_FORMAT = "dwarf-with-dsym";
				ENABLE_NS_ASSERTIONS = NO;
				ENABLE_STRICT_OBJC_MSGSEND = YES;
				GCC_C_LANGUAGE_STANDARD = gnu11;
				GCC_NO_COMMON_BLOCKS = YES;
				GCC_WARN_64_TO_32_BIT_CONVERSION = YES;
				GCC_WARN_ABOUT_RETURN_TYPE = YES_ERROR;
				GCC_WARN_UNDECLARED_SELECTOR = YES;
				GCC_WARN_UNINITIALIZED_AUTOS = YES_AGGRESSIVE;
				GCC_WARN_UNUSED_FUNCTION = YES;
				GCC_WARN_UNUSED_VARIABLE = YES;
				IPHONEOS_DEPLOYMENT_TARGET = 16.2;
				MTL_ENABLE_DEBUG_INFO = NO;
				MTL_FAST_MATH = YES;
				SDKROOT = iphoneos;
				SWIFT_COMPILATION_MODE = wholemodule;
				SWIFT_OPTIMIZATION_LEVEL = "-O";
				VALIDATE_PRODUCT = YES;
			};
			name = Release;
		};
		B71FA9BD29A91F6D00028FC9 /* Debug */ = {
			isa = XCBuildConfiguration;
			buildSettings = {
				ASSETCATALOG_COMPILER_APPICON_NAME = AppIcon;
				ASSETCATALOG_COMPILER_GLOBAL_ACCENT_COLOR_NAME = AccentColor;
				CODE_SIGN_STYLE = Automatic;
				CURRENT_PROJECT_VERSION = 1;
				DEVELOPMENT_TEAM = FW5BACSZ6A;
				GENERATE_INFOPLIST_FILE = YES;
				INFOPLIST_FILE = IAmChatGPT/Info.plist;
				INFOPLIST_KEY_CFBundleDisplayName = "I Am ChatGPT";
				INFOPLIST_KEY_UIApplicationSupportsIndirectInputEvents = YES;
				INFOPLIST_KEY_UILaunchStoryboardName = LaunchScreen;
				INFOPLIST_KEY_UIMainStoryboardFile = Main;
				INFOPLIST_KEY_UIStatusBarStyle = "";
				INFOPLIST_KEY_UISupportedInterfaceOrientations_iPad = "UIInterfaceOrientationPortrait UIInterfaceOrientationPortraitUpsideDown UIInterfaceOrientationLandscapeLeft UIInterfaceOrientationLandscapeRight";
				INFOPLIST_KEY_UISupportedInterfaceOrientations_iPhone = "UIInterfaceOrientationPortrait UIInterfaceOrientationLandscapeLeft UIInterfaceOrientationLandscapeRight";
				IPHONEOS_DEPLOYMENT_TARGET = 15.0;
				LD_RUNPATH_SEARCH_PATHS = (
					"$(inherited)",
					"@executable_path/Frameworks",
				);
				MARKETING_VERSION = 1.0;
				PRODUCT_BUNDLE_IDENTIFIER = com.daize.IAmChatGPT;
				PRODUCT_NAME = "$(TARGET_NAME)";
				SWIFT_EMIT_LOC_STRINGS = YES;
				SWIFT_VERSION = 5.0;
				TARGETED_DEVICE_FAMILY = "1,2";
			};
			name = Debug;
		};
		B71FA9BE29A91F6D00028FC9 /* Release */ = {
			isa = XCBuildConfiguration;
			buildSettings = {
				ASSETCATALOG_COMPILER_APPICON_NAME = AppIcon;
				ASSETCATALOG_COMPILER_GLOBAL_ACCENT_COLOR_NAME = AccentColor;
				CODE_SIGN_STYLE = Automatic;
				CURRENT_PROJECT_VERSION = 1;
				DEVELOPMENT_TEAM = FW5BACSZ6A;
				GENERATE_INFOPLIST_FILE = YES;
				INFOPLIST_FILE = IAmChatGPT/Info.plist;
				INFOPLIST_KEY_CFBundleDisplayName = "I Am ChatGPT";
				INFOPLIST_KEY_UIApplicationSupportsIndirectInputEvents = YES;
				INFOPLIST_KEY_UILaunchStoryboardName = LaunchScreen;
				INFOPLIST_KEY_UIMainStoryboardFile = Main;
				INFOPLIST_KEY_UIStatusBarStyle = "";
				INFOPLIST_KEY_UISupportedInterfaceOrientations_iPad = "UIInterfaceOrientationPortrait UIInterfaceOrientationPortraitUpsideDown UIInterfaceOrientationLandscapeLeft UIInterfaceOrientationLandscapeRight";
				INFOPLIST_KEY_UISupportedInterfaceOrientations_iPhone = "UIInterfaceOrientationPortrait UIInterfaceOrientationLandscapeLeft UIInterfaceOrientationLandscapeRight";
				IPHONEOS_DEPLOYMENT_TARGET = 15.0;
				LD_RUNPATH_SEARCH_PATHS = (
					"$(inherited)",
					"@executable_path/Frameworks",
				);
				MARKETING_VERSION = 1.0;
				PRODUCT_BUNDLE_IDENTIFIER = com.daize.IAmChatGPT;
				PRODUCT_NAME = "$(TARGET_NAME)";
				SWIFT_EMIT_LOC_STRINGS = YES;
				SWIFT_VERSION = 5.0;
				TARGETED_DEVICE_FAMILY = "1,2";
			};
			name = Release;
		};
/* End XCBuildConfiguration section */

/* Begin XCConfigurationList section */
		B71FA9A329A91F6B00028FC9 /* Build configuration list for PBXProject "IAmChatGPT" */ = {
			isa = XCConfigurationList;
			buildConfigurations = (
				B71FA9BA29A91F6D00028FC9 /* Debug */,
				B71FA9BB29A91F6D00028FC9 /* Release */,
			);
			defaultConfigurationIsVisible = 0;
			defaultConfigurationName = Release;
		};
		B71FA9BC29A91F6D00028FC9 /* Build configuration list for PBXNativeTarget "IAmChatGPT" */ = {
			isa = XCConfigurationList;
			buildConfigurations = (
				B71FA9BD29A91F6D00028FC9 /* Debug */,
				B71FA9BE29A91F6D00028FC9 /* Release */,
			);
			defaultConfigurationIsVisible = 0;
			defaultConfigurationName = Release;
		};
/* End XCConfigurationList section */
	};
	rootObject = B71FA9A029A91F6B00028FC9 /* Project object */;
}
